
Microsoft Visual Studio Solution File, Format Version 12.00
# Visual Studio Version 17
VisualStudioVersion = 17.13.35818.85 d17.13
MinimumVisualStudioVersion = 10.0.40219.1
Project("{FAE04EC0-301F-11D3-BF4B-00C04F79EFBC}") = "study30", "study30\study30.csproj", "{03077D6A-F814-4CA7-BB5D-B9BCBD482E56}"
EndProject
Global
	GlobalSection(SolutionConfigurationPlatforms) = preSolution
		Debug|Any CPU = Debug|Any CPU
		Release|Any CPU = Release|Any CPU
	EndGlobalSection
	GlobalSection(ProjectConfigurationPlatforms) = postSolution
		{03077D6A-F814-4CA7-BB5D-B9BCBD482E56}.Debug|Any CPU.ActiveCfg = Debug|Any CPU
		{03077D6A-F814-4CA7-BB5D-B9BCBD482E56}.Debug|Any CPU.Build.0 = Debug|Any CPU
		{03077D6A-F814-4CA7-BB5D-B9BCBD482E56}.Release|Any CPU.ActiveCfg = Release|Any CPU
		{03077D6A-F814-4CA7-BB5D-B9BCBD482E56}.Release|Any CPU.Build.0 = Release|Any CPU
	EndGlobalSection
	GlobalSection(SolutionProperties) = preSolution
		HideSolutionNode = FALSE
	EndGlobalSection
	GlobalSection(ExtensibilityGlobals) = postSolution
		SolutionGuid = {18D9D042-1D8B-4ECD-8D0D-3DAF66567D54}
	EndGlobalSection
EndGlobal
