
Microsoft Visual Studio Solution File, Format Version 12.00
# Visual Studio Version 17
VisualStudioVersion = 17.13.35818.85 d17.13
MinimumVisualStudioVersion = 10.0.40219.1
Project("{FAE04EC0-301F-11D3-BF4B-00C04F79EFBC}") = "study43", "study43\study43.csproj", "{4D1FF4A4-4D1B-4EEB-A4AC-2D0B4D580B6F}"
EndProject
Global
	GlobalSection(SolutionConfigurationPlatforms) = preSolution
		Debug|Any CPU = Debug|Any CPU
		Release|Any CPU = Release|Any CPU
	EndGlobalSection
	GlobalSection(ProjectConfigurationPlatforms) = postSolution
		{4D1FF4A4-4D1B-4EEB-A4AC-2D0B4D580B6F}.Debug|Any CPU.ActiveCfg = Debug|Any CPU
		{4D1FF4A4-4D1B-4EEB-A4AC-2D0B4D580B6F}.Debug|Any CPU.Build.0 = Debug|Any CPU
		{4D1FF4A4-4D1B-4EEB-A4AC-2D0B4D580B6F}.Release|Any CPU.ActiveCfg = Release|Any CPU
		{4D1FF4A4-4D1B-4EEB-A4AC-2D0B4D580B6F}.Release|Any CPU.Build.0 = Release|Any CPU
	EndGlobalSection
	GlobalSection(SolutionProperties) = preSolution
		HideSolutionNode = FALSE
	EndGlobalSection
	GlobalSection(ExtensibilityGlobals) = postSolution
		SolutionGuid = {2906B3E9-241F-42B2-9809-55DB31994C12}
	EndGlobalSection
EndGlobal
