
Microsoft Visual Studio Solution File, Format Version 12.00
# Visual Studio Version 17
VisualStudioVersion = 17.13.35818.85 d17.13
MinimumVisualStudioVersion = 10.0.40219.1
Project("{FAE04EC0-301F-11D3-BF4B-00C04F79EFBC}") = "델리게이트이벤트", "델리게이트이벤트\델리게이트이벤트.csproj", "{1EFEAAA6-6FBD-4EC2-A963-1FE17813DAA7}"
EndProject
Global
	GlobalSection(SolutionConfigurationPlatforms) = preSolution
		Debug|Any CPU = Debug|Any CPU
		Release|Any CPU = Release|Any CPU
	EndGlobalSection
	GlobalSection(ProjectConfigurationPlatforms) = postSolution
		{1EFEAAA6-6FBD-4EC2-A963-1FE17813DAA7}.Debug|Any CPU.ActiveCfg = Debug|Any CPU
		{1EFEAAA6-6FBD-4EC2-A963-1FE17813DAA7}.Debug|Any CPU.Build.0 = Debug|Any CPU
		{1EFEAAA6-6FBD-4EC2-A963-1FE17813DAA7}.Release|Any CPU.ActiveCfg = Release|Any CPU
		{1EFEAAA6-6FBD-4EC2-A963-1FE17813DAA7}.Release|Any CPU.Build.0 = Release|Any CPU
	EndGlobalSection
	GlobalSection(SolutionProperties) = preSolution
		HideSolutionNode = FALSE
	EndGlobalSection
	GlobalSection(ExtensibilityGlobals) = postSolution
		SolutionGuid = {770E09E6-CFA7-468C-9D5A-57C82A40D5AD}
	EndGlobalSection
EndGlobal
