
Microsoft Visual Studio Solution File, Format Version 12.00
# Visual Studio Version 17
VisualStudioVersion = 17.13.35818.85 d17.13
MinimumVisualStudioVersion = 10.0.40219.1
Project("{FAE04EC0-301F-11D3-BF4B-00C04F79EFBC}") = "study40", "study40\study40.csproj", "{906D3365-AF61-414B-AB3E-03B9770CEDE3}"
EndProject
Global
	GlobalSection(SolutionConfigurationPlatforms) = preSolution
		Debug|Any CPU = Debug|Any CPU
		Release|Any CPU = Release|Any CPU
	EndGlobalSection
	GlobalSection(ProjectConfigurationPlatforms) = postSolution
		{906D3365-AF61-414B-AB3E-03B9770CEDE3}.Debug|Any CPU.ActiveCfg = Debug|Any CPU
		{906D3365-AF61-414B-AB3E-03B9770CEDE3}.Debug|Any CPU.Build.0 = Debug|Any CPU
		{906D3365-AF61-414B-AB3E-03B9770CEDE3}.Release|Any CPU.ActiveCfg = Release|Any CPU
		{906D3365-AF61-414B-AB3E-03B9770CEDE3}.Release|Any CPU.Build.0 = Release|Any CPU
	EndGlobalSection
	GlobalSection(SolutionProperties) = preSolution
		HideSolutionNode = FALSE
	EndGlobalSection
	GlobalSection(ExtensibilityGlobals) = postSolution
		SolutionGuid = {2564F72B-1D9D-4E2E-8CC0-05F544C7AEA8}
	EndGlobalSection
EndGlobal
