
Microsoft Visual Studio Solution File, Format Version 12.00
# Visual Studio Version 17
VisualStudioVersion = 17.13.35818.85 d17.13
MinimumVisualStudioVersion = 10.0.40219.1
Project("{FAE04EC0-301F-11D3-BF4B-00C04F79EFBC}") = "study7", "study7\study7.csproj", "{0AA35276-6F3B-4CF7-A550-1F57217974B4}"
EndProject
Global
	GlobalSection(SolutionConfigurationPlatforms) = preSolution
		Debug|Any CPU = Debug|Any CPU
		Release|Any CPU = Release|Any CPU
	EndGlobalSection
	GlobalSection(ProjectConfigurationPlatforms) = postSolution
		{0AA35276-6F3B-4CF7-A550-1F57217974B4}.Debug|Any CPU.ActiveCfg = Debug|Any CPU
		{0AA35276-6F3B-4CF7-A550-1F57217974B4}.Debug|Any CPU.Build.0 = Debug|Any CPU
		{0AA35276-6F3B-4CF7-A550-1F57217974B4}.Release|Any CPU.ActiveCfg = Release|Any CPU
		{0AA35276-6F3B-4CF7-A550-1F57217974B4}.Release|Any CPU.Build.0 = Release|Any CPU
	EndGlobalSection
	GlobalSection(SolutionProperties) = preSolution
		HideSolutionNode = FALSE
	EndGlobalSection
	GlobalSection(ExtensibilityGlobals) = postSolution
		SolutionGuid = {09BFB6C6-4C29-4025-9221-827281D79CB9}
	EndGlobalSection
EndGlobal
