
Microsoft Visual Studio Solution File, Format Version 12.00
# Visual Studio Version 17
VisualStudioVersion = 17.13.35818.85 d17.13
MinimumVisualStudioVersion = 10.0.40219.1
Project("{FAE04EC0-301F-11D3-BF4B-00C04F79EFBC}") = "콘솔좌표배우기", "콘솔좌표배우기\콘솔좌표배우기.csproj", "{974D6ED8-8B1B-49E2-9FA6-88CB77D9C97A}"
EndProject
Global
	GlobalSection(SolutionConfigurationPlatforms) = preSolution
		Debug|Any CPU = Debug|Any CPU
		Release|Any CPU = Release|Any CPU
	EndGlobalSection
	GlobalSection(ProjectConfigurationPlatforms) = postSolution
		{974D6ED8-8B1B-49E2-9FA6-88CB77D9C97A}.Debug|Any CPU.ActiveCfg = Debug|Any CPU
		{974D6ED8-8B1B-49E2-9FA6-88CB77D9C97A}.Debug|Any CPU.Build.0 = Debug|Any CPU
		{974D6ED8-8B1B-49E2-9FA6-88CB77D9C97A}.Release|Any CPU.ActiveCfg = Release|Any CPU
		{974D6ED8-8B1B-49E2-9FA6-88CB77D9C97A}.Release|Any CPU.Build.0 = Release|Any CPU
	EndGlobalSection
	GlobalSection(SolutionProperties) = preSolution
		HideSolutionNode = FALSE
	EndGlobalSection
	GlobalSection(ExtensibilityGlobals) = postSolution
		SolutionGuid = {BCA791FA-76CF-49C3-A6B7-B9247F81AF67}
	EndGlobalSection
EndGlobal
