
Microsoft Visual Studio Solution File, Format Version 12.00
# Visual Studio Version 17
VisualStudioVersion = 17.13.35818.85 d17.13
MinimumVisualStudioVersion = 10.0.40219.1
Project("{FAE04EC0-301F-11D3-BF4B-00C04F79EFBC}") = "study37", "study37\study37.csproj", "{3A688D24-8FD9-444F-B536-23CDCC3DD9B6}"
EndProject
Global
	GlobalSection(SolutionConfigurationPlatforms) = preSolution
		Debug|Any CPU = Debug|Any CPU
		Release|Any CPU = Release|Any CPU
	EndGlobalSection
	GlobalSection(ProjectConfigurationPlatforms) = postSolution
		{3A688D24-8FD9-444F-B536-23CDCC3DD9B6}.Debug|Any CPU.ActiveCfg = Debug|Any CPU
		{3A688D24-8FD9-444F-B536-23CDCC3DD9B6}.Debug|Any CPU.Build.0 = Debug|Any CPU
		{3A688D24-8FD9-444F-B536-23CDCC3DD9B6}.Release|Any CPU.ActiveCfg = Release|Any CPU
		{3A688D24-8FD9-444F-B536-23CDCC3DD9B6}.Release|Any CPU.Build.0 = Release|Any CPU
	EndGlobalSection
	GlobalSection(SolutionProperties) = preSolution
		HideSolutionNode = FALSE
	EndGlobalSection
	GlobalSection(ExtensibilityGlobals) = postSolution
		SolutionGuid = {727D3CE9-18CF-4823-95BD-FFC0E5FB52D9}
	EndGlobalSection
EndGlobal
