
Microsoft Visual Studio Solution File, Format Version 12.00
# Visual Studio Version 17
VisualStudioVersion = 17.13.35818.85 d17.13
MinimumVisualStudioVersion = 10.0.40219.1
Project("{FAE04EC0-301F-11D3-BF4B-00C04F79EFBC}") = "study19", "study19\study19.csproj", "{82254CF0-8E08-444E-80F3-69B224E50F71}"
EndProject
Global
	GlobalSection(SolutionConfigurationPlatforms) = preSolution
		Debug|Any CPU = Debug|Any CPU
		Release|Any CPU = Release|Any CPU
	EndGlobalSection
	GlobalSection(ProjectConfigurationPlatforms) = postSolution
		{82254CF0-8E08-444E-80F3-69B224E50F71}.Debug|Any CPU.ActiveCfg = Debug|Any CPU
		{82254CF0-8E08-444E-80F3-69B224E50F71}.Debug|Any CPU.Build.0 = Debug|Any CPU
		{82254CF0-8E08-444E-80F3-69B224E50F71}.Release|Any CPU.ActiveCfg = Release|Any CPU
		{82254CF0-8E08-444E-80F3-69B224E50F71}.Release|Any CPU.Build.0 = Release|Any CPU
	EndGlobalSection
	GlobalSection(SolutionProperties) = preSolution
		HideSolutionNode = FALSE
	EndGlobalSection
	GlobalSection(ExtensibilityGlobals) = postSolution
		SolutionGuid = {05899FCD-B64A-4AD1-AC47-992271657663}
	EndGlobalSection
EndGlobal
