
Microsoft Visual Studio Solution File, Format Version 12.00
# Visual Studio Version 17
VisualStudioVersion = 17.13.35818.85 d17.13
MinimumVisualStudioVersion = 10.0.40219.1
Project("{FAE04EC0-301F-11D3-BF4B-00C04F79EFBC}") = "study3", "study3\study3.csproj", "{5785D54C-12CD-4E6B-B7D5-55E03AF5D803}"
EndProject
Global
	GlobalSection(SolutionConfigurationPlatforms) = preSolution
		Debug|Any CPU = Debug|Any CPU
		Release|Any CPU = Release|Any CPU
	EndGlobalSection
	GlobalSection(ProjectConfigurationPlatforms) = postSolution
		{5785D54C-12CD-4E6B-B7D5-55E03AF5D803}.Debug|Any CPU.ActiveCfg = Debug|Any CPU
		{5785D54C-12CD-4E6B-B7D5-55E03AF5D803}.Debug|Any CPU.Build.0 = Debug|Any CPU
		{5785D54C-12CD-4E6B-B7D5-55E03AF5D803}.Release|Any CPU.ActiveCfg = Release|Any CPU
		{5785D54C-12CD-4E6B-B7D5-55E03AF5D803}.Release|Any CPU.Build.0 = Release|Any CPU
	EndGlobalSection
	GlobalSection(SolutionProperties) = preSolution
		HideSolutionNode = FALSE
	EndGlobalSection
	GlobalSection(ExtensibilityGlobals) = postSolution
		SolutionGuid = {D5FCD29F-08F5-4BBA-98FD-10092AA3449C}
	EndGlobalSection
EndGlobal
