
Microsoft Visual Studio Solution File, Format Version 12.00
# Visual Studio Version 17
VisualStudioVersion = 17.13.35818.85 d17.13
MinimumVisualStudioVersion = 10.0.40219.1
Project("{FAE04EC0-301F-11D3-BF4B-00C04F79EFBC}") = "인벤토리과제", "인벤토리과제\인벤토리과제.csproj", "{A17A4B88-9539-43BB-AF97-0E9D1B487116}"
EndProject
Global
	GlobalSection(SolutionConfigurationPlatforms) = preSolution
		Debug|Any CPU = Debug|Any CPU
		Release|Any CPU = Release|Any CPU
	EndGlobalSection
	GlobalSection(ProjectConfigurationPlatforms) = postSolution
		{A17A4B88-9539-43BB-AF97-0E9D1B487116}.Debug|Any CPU.ActiveCfg = Debug|Any CPU
		{A17A4B88-9539-43BB-AF97-0E9D1B487116}.Debug|Any CPU.Build.0 = Debug|Any CPU
		{A17A4B88-9539-43BB-AF97-0E9D1B487116}.Release|Any CPU.ActiveCfg = Release|Any CPU
		{A17A4B88-9539-43BB-AF97-0E9D1B487116}.Release|Any CPU.Build.0 = Release|Any CPU
	EndGlobalSection
	GlobalSection(SolutionProperties) = preSolution
		HideSolutionNode = FALSE
	EndGlobalSection
	GlobalSection(ExtensibilityGlobals) = postSolution
		SolutionGuid = {04A68922-B401-44C0-AEED-E576152348D6}
	EndGlobalSection
EndGlobal
