
Microsoft Visual Studio Solution File, Format Version 12.00
# Visual Studio Version 17
VisualStudioVersion = 17.13.35818.85 d17.13
MinimumVisualStudioVersion = 10.0.40219.1
Project("{FAE04EC0-301F-11D3-BF4B-00C04F79EFBC}") = "ShootingGame1", "ShootingGame1\ShootingGame1.csproj", "{DDE19D36-F342-40D7-AEA2-4AF1F395DA90}"
EndProject
Global
	GlobalSection(SolutionConfigurationPlatforms) = preSolution
		Debug|Any CPU = Debug|Any CPU
		Release|Any CPU = Release|Any CPU
	EndGlobalSection
	GlobalSection(ProjectConfigurationPlatforms) = postSolution
		{DDE19D36-F342-40D7-AEA2-4AF1F395DA90}.Debug|Any CPU.ActiveCfg = Debug|Any CPU
		{DDE19D36-F342-40D7-AEA2-4AF1F395DA90}.Debug|Any CPU.Build.0 = Debug|Any CPU
		{DDE19D36-F342-40D7-AEA2-4AF1F395DA90}.Release|Any CPU.ActiveCfg = Release|Any CPU
		{DDE19D36-F342-40D7-AEA2-4AF1F395DA90}.Release|Any CPU.Build.0 = Release|Any CPU
	EndGlobalSection
	GlobalSection(SolutionProperties) = preSolution
		HideSolutionNode = FALSE
	EndGlobalSection
	GlobalSection(ExtensibilityGlobals) = postSolution
		SolutionGuid = {DC1F7615-6C24-4AE0-95B8-5B7495D114F9}
	EndGlobalSection
EndGlobal
