
Microsoft Visual Studio Solution File, Format Version 12.00
# Visual Studio Version 17
VisualStudioVersion = 17.13.35818.85 d17.13
MinimumVisualStudioVersion = 10.0.40219.1
Project("{FAE04EC0-301F-11D3-BF4B-00C04F79EFBC}") = "study35", "study35\study35.csproj", "{1E71C21C-9C22-4279-BBFB-1A3AE065526C}"
EndProject
Global
	GlobalSection(SolutionConfigurationPlatforms) = preSolution
		Debug|Any CPU = Debug|Any CPU
		Release|Any CPU = Release|Any CPU
	EndGlobalSection
	GlobalSection(ProjectConfigurationPlatforms) = postSolution
		{1E71C21C-9C22-4279-BBFB-1A3AE065526C}.Debug|Any CPU.ActiveCfg = Debug|Any CPU
		{1E71C21C-9C22-4279-BBFB-1A3AE065526C}.Debug|Any CPU.Build.0 = Debug|Any CPU
		{1E71C21C-9C22-4279-BBFB-1A3AE065526C}.Release|Any CPU.ActiveCfg = Release|Any CPU
		{1E71C21C-9C22-4279-BBFB-1A3AE065526C}.Release|Any CPU.Build.0 = Release|Any CPU
	EndGlobalSection
	GlobalSection(SolutionProperties) = preSolution
		HideSolutionNode = FALSE
	EndGlobalSection
	GlobalSection(ExtensibilityGlobals) = postSolution
		SolutionGuid = {7DE6B09F-274F-4E9B-963B-6567C1E1AEEE}
	EndGlobalSection
EndGlobal
