
Microsoft Visual Studio Solution File, Format Version 12.00
# Visual Studio Version 17
VisualStudioVersion = 17.13.35818.85 d17.13
MinimumVisualStudioVersion = 10.0.40219.1
Project("{FAE04EC0-301F-11D3-BF4B-00C04F79EFBC}") = "study36", "study36\study36.csproj", "{2A2C779C-B9EB-487E-AFE2-701349194D33}"
EndProject
Global
	GlobalSection(SolutionConfigurationPlatforms) = preSolution
		Debug|Any CPU = Debug|Any CPU
		Release|Any CPU = Release|Any CPU
	EndGlobalSection
	GlobalSection(ProjectConfigurationPlatforms) = postSolution
		{2A2C779C-B9EB-487E-AFE2-701349194D33}.Debug|Any CPU.ActiveCfg = Debug|Any CPU
		{2A2C779C-B9EB-487E-AFE2-701349194D33}.Debug|Any CPU.Build.0 = Debug|Any CPU
		{2A2C779C-B9EB-487E-AFE2-701349194D33}.Release|Any CPU.ActiveCfg = Release|Any CPU
		{2A2C779C-B9EB-487E-AFE2-701349194D33}.Release|Any CPU.Build.0 = Release|Any CPU
	EndGlobalSection
	GlobalSection(SolutionProperties) = preSolution
		HideSolutionNode = FALSE
	EndGlobalSection
	GlobalSection(ExtensibilityGlobals) = postSolution
		SolutionGuid = {53084DE9-A4C6-45CF-8A3F-0413403BEA40}
	EndGlobalSection
EndGlobal
